{
  "lockfileVersion": 1,
  "workspaces": {
    "": {
      "name": "vite_react_shadcn_ts",
      "dependencies": {
        "@hookform/resolvers": "5.0.1",
        "@radix-ui/react-accordion": "1.2.9",
        "@radix-ui/react-alert-dialog": "1.1.12",
        "@radix-ui/react-aspect-ratio": "1.1.5",
        "@radix-ui/react-avatar": "1.1.8",
        "@radix-ui/react-checkbox": "1.3.0",
        "@radix-ui/react-collapsible": "1.1.9",
        "@radix-ui/react-context-menu": "2.2.13",
        "@radix-ui/react-dialog": "1.1.12",
        "@radix-ui/react-dropdown-menu": "2.1.13",
        "@radix-ui/react-hover-card": "1.1.12",
        "@radix-ui/react-label": "2.1.5",
        "@radix-ui/react-menubar": "1.1.13",
        "@radix-ui/react-navigation-menu": "1.2.11",
        "@radix-ui/react-popover": "1.1.12",
        "@radix-ui/react-progress": "1.1.5",
        "@radix-ui/react-radio-group": "1.3.5",
        "@radix-ui/react-scroll-area": "1.2.7",
        "@radix-ui/react-select": "2.2.3",
        "@radix-ui/react-separator": "1.1.5",
        "@radix-ui/react-slider": "1.3.3",
        "@radix-ui/react-slot": "1.2.1",
        "@radix-ui/react-switch": "1.2.3",
        "@radix-ui/react-tabs": "1.1.10",
        "@radix-ui/react-toast": "1.2.12",
        "@radix-ui/react-toggle": "1.1.7",
        "@radix-ui/react-toggle-group": "1.1.8",
        "@radix-ui/react-tooltip": "1.2.5",
        "@supabase/supabase-js": "2.49.4",
        "@swc/core": "1.11.24",
        "@tanstack/react-query": "5.75.2",
        "@types/uuid": "10.0.0",
        "caniuse-lite": "1.0.30001717",
        "class-variance-authority": "0.7.1",
        "clsx": "2.1.1",
        "cmdk": "1.1.1",
        "date-fns": "4.1.0",
        "embla-carousel-react": "8.6.0",
        "input-otp": "1.4.2",
        "lucide-react": "0.507.0",
        "next-themes": "0.4.6",
        "openai": "4.97.0",
        "react": "19.1.0",
        "react-day-picker": "9.6.7",
        "react-dom": "19.1.0",
        "react-hook-form": "7.56.2",
        "react-resizable-panels": "3.0.1",
        "react-router-dom": "7.5.3",
        "recharts": "2.15.3",
        "sonner": "2.0.3",
        "tailwind-merge": "3.2.0",
        "tailwindcss-animate": "1.0.7",
        "uuid": "11.1.0",
        "vaul": "1.1.2",
        "zod": "3.24.4"
      },
      "devDependencies": {
        "@eslint/js": "9.26.0",
        "@tailwindcss/typography": "0.5.16",
        "@testing-library/react": "16.3.0",
        "@types/bun": "1.2.12",
        "@types/node": "22.15.8",
        "@types/react": "19.1.2",
        "@types/react-dom": "19.1.3",
        "autoprefixer": "10.4.21",
        "bun-plugin-tailwind": "0.0.15",
        "eslint": "9.26.0",
        "eslint-plugin-react-hooks": "5.2.0",
        "eslint-plugin-react-refresh": "0.4.20",
        "globals": "16.0.0",
        "jsdom": "26.1.0",
        "knip": "5.55.1",
        "postcss": "8.5.3",
        "prettier": "3.5.3",
        "tailwindcss": "4.1.5",
        "typescript": "5.8.3",
        "typescript-eslint": "8.32.0"
      }
    }
  },
  "packages": {
    "@asamuzakjp/css-color": ["@asamuzakjp/css-color@3.1.5", "", { "dependencies": { "@csstools/css-calc": "^2.1.3", "@csstools/css-color-parser": "^3.0.9", "@csstools/css-parser-algorithms": "^3.0.4", "@csstools/css-tokenizer": "^3.0.3", "lru-cache": "^10.4.3" } }, ""],
    "@babel/code-frame": ["@babel/code-frame@7.27.1", "", { "dependencies": { "@babel/helper-validator-identifier": "^7.27.1", "js-tokens": "^4.0.0", "picocolors": "^1.1.1" } }, ""],
    "@babel/helper-validator-identifier": ["@babel/helper-validator-identifier@7.27.1", "", {}, ""],
    "@babel/runtime": ["@babel/runtime@7.25.6", "", { "dependencies": { "regenerator-runtime": "^0.14.0" } }, ""],
    "@csstools/color-helpers": ["@csstools/color-helpers@5.0.2", "", {}, ""],
    "@csstools/css-calc": ["@csstools/css-calc@2.1.3", "", { "peerDependencies": { "@csstools/css-parser-algorithms": "^3.0.4", "@csstools/css-tokenizer": "^3.0.3" } }, ""],
    "@csstools/css-color-parser": ["@csstools/css-color-parser@3.0.9", "", { "dependencies": { "@csstools/color-helpers": "^5.0.2", "@csstools/css-calc": "^2.1.3" }, "peerDependencies": { "@csstools/css-parser-algorithms": "^3.0.4", "@csstools/css-tokenizer": "^3.0.3" } }, ""],
    "@csstools/css-parser-algorithms": ["@csstools/css-parser-algorithms@3.0.4", "", { "peerDependencies": { "@csstools/css-tokenizer": "^3.0.3" } }, ""],
    "@csstools/css-tokenizer": ["@csstools/css-tokenizer@3.0.3", "", {}, ""],
    "@date-fns/tz": ["@date-fns/tz@1.2.0", "", {}, "sha512-LBrd7MiJZ9McsOgxqWX7AaxrDjcFVjWH/tIKJd7pnR7McaslGYOP1QmmiBXdJH/H/yLCT+rcQ7FaPBUxRGUtrg=="],
    "@eslint-community/eslint-utils": ["@eslint-community/eslint-utils@4.4.0", "", { "dependencies": { "eslint-visitor-keys": "^3.3.0" }, "peerDependencies": { "eslint": "^6.0.0 || ^7.0.0 || >=8.0.0" } }, ""],
    "@eslint-community/regexpp": ["@eslint-community/regexpp@4.12.1", "", {}, "sha512-CCZCDJuduB9OUkFkY2IgppNZMi2lBQgD2qzwXkEia16cge2pijY/aXi96CJMquDMn3nJdlPV1A5KrJEXwfLNzQ=="],
    "@eslint/config-array": ["@eslint/config-array@0.20.0", "", { "dependencies": { "@eslint/object-schema": "^2.1.6", "debug": "^4.3.1", "minimatch": "^3.1.2" } }, "sha512-fxlS1kkIjx8+vy2SjuCB94q3htSNrufYTXubwiBFeaQHbH6Ipi43gFJq2zCMt6PHhImH3Xmr0NksKDvchWlpQQ=="],
    "@eslint/config-helpers": ["@eslint/config-helpers@0.2.2", "", {}, "sha512-+GPzk8PlG0sPpzdU5ZvIRMPidzAnZDl/s9L+y13iodqvb8leL53bTannOrQ/Im7UkpsmFU5Ily5U60LWixnmLg=="],
    "@eslint/core": ["@eslint/core@0.13.0", "", { "dependencies": { "@types/json-schema": "^7.0.15" } }, "sha512-yfkgDw1KR66rkT5A8ci4irzDysN7FRpq3ttJolR88OqQikAWqwA8j5VZyas+vjyBNFIJ7MfybJ9plMILI2UrCw=="],
    "@eslint/eslintrc": ["@eslint/eslintrc@3.3.1", "", { "dependencies": { "ajv": "^6.12.4", "debug": "^4.3.2", "espree": "^10.0.1", "globals": "^14.0.0", "ignore": "^5.2.0", "import-fresh": "^3.2.1", "js-yaml": "^4.1.0", "minimatch": "^3.1.2", "strip-json-comments": "^3.1.1" } }, "sha512-gtF186CXhIl1p4pJNGZw8Yc6RlshoePRvE0X91oPGb3vZ8pM3qOS9W9NGPat9LziaBV7XrJWGylNQXkGcnM3IQ=="],
    "@eslint/js": ["@eslint/js@9.26.0", "", {}, "sha512-I9XlJawFdSMvWjDt6wksMCrgns5ggLNfFwFvnShsleWruvXM514Qxk8V246efTw+eo9JABvVz+u3q2RiAowKxQ=="],
    "@eslint/object-schema": ["@eslint/object-schema@2.1.6", "", {}, "sha512-RBMg5FRL0I0gs51M/guSAj5/e14VQ4tpZnQNWwuDT66P14I43ItmPfIZRhO9fUVIPOAQXU47atlywZ/czoqFPA=="],
    "@eslint/plugin-kit": ["@eslint/plugin-kit@0.2.8", "", { "dependencies": { "@eslint/core": "^0.13.0", "levn": "^0.4.1" } }, "sha512-ZAoA40rNMPwSm+AeHpCq8STiNAwzWLJuP8Xv4CHIc9wv/PSuExjMrmjfYNj682vW0OOiZ1HKxzvjQr9XZIisQA=="],
    "@floating-ui/core": ["@floating-ui/core@1.6.8", "", { "dependencies": { "@floating-ui/utils": "^0.2.8" } }, ""],
    "@floating-ui/dom": ["@floating-ui/dom@1.6.11", "", { "dependencies": { "@floating-ui/core": "^1.6.0", "@floating-ui/utils": "^0.2.8" } }, ""],
    "@floating-ui/react-dom": ["@floating-ui/react-dom@2.1.2", "", { "dependencies": { "@floating-ui/dom": "^1.0.0" }, "peerDependencies": { "react": ">=16.8.0", "react-dom": ">=16.8.0" } }, ""],
    "@floating-ui/utils": ["@floating-ui/utils@0.2.8", "", {}, ""],
    "@hookform/resolvers": ["@hookform/resolvers@5.0.1", "", { "dependencies": { "@standard-schema/utils": "^0.3.0" }, "peerDependencies": { "react-hook-form": "^7.55.0" } }, "sha512-u/+Jp83luQNx9AdyW2fIPGY6Y7NG68eN2ZW8FOJYL+M0i4s49+refdJdOp/A9n9HFQtQs3HIDHQvX3ZET2o7YA=="],
    "@humanfs/core": ["@humanfs/core@0.19.1", "", {}, "sha512-5DyQ4+1JEUzejeK1JGICcideyfUbGixgS9jNgex5nqkW+cY7WZhxBigmieN5Qnw9ZosSNVC9KQKyb+GUaGyKUA=="],
    "@humanfs/node": ["@humanfs/node@0.16.6", "", { "dependencies": { "@humanfs/core": "^0.19.1", "@humanwhocodes/retry": "^0.3.0" } }, "sha512-YuI2ZHQL78Q5HbhDiBA1X4LmYdXCKCMQIfw0pw7piHJwyREFebJUvrQN4cMssyES6x+vfUbx1CIpaQUKYdQZOw=="],
    "@humanwhocodes/module-importer": ["@humanwhocodes/module-importer@1.0.1", "", {}, ""],
    "@humanwhocodes/retry": ["@humanwhocodes/retry@0.4.2", "", {}, "sha512-xeO57FpIu4p1Ri3Jq/EXq4ClRm86dVF2z/+kvFnyqVYRavTZmaFaUBbWCOuuTh0o/g7DSsk6kc2vrS4Vl5oPOQ=="],
    "@modelcontextprotocol/sdk": ["@modelcontextprotocol/sdk@1.11.0", "", { "dependencies": { "content-type": "^1.0.5", "cors": "^2.8.5", "cross-spawn": "^7.0.3", "eventsource": "^3.0.2", "express": "^5.0.1", "express-rate-limit": "^7.5.0", "pkce-challenge": "^5.0.0", "raw-body": "^3.0.0", "zod": "^3.23.8", "zod-to-json-schema": "^3.24.1" } }, "sha512-k/1pb70eD638anoi0e8wUGAlbMJXyvdV4p62Ko+EZ7eBe1xMx8Uhak1R5DgfoofsK5IBBnRwsYGTaLZl+6/+RQ=="],
    "@nodelib/fs.scandir": ["@nodelib/fs.scandir@2.1.5", "", { "dependencies": { "@nodelib/fs.stat": "2.0.5", "run-parallel": "^1.1.9" } }, ""],
    "@nodelib/fs.stat": ["@nodelib/fs.stat@2.0.5", "", {}, ""],
    "@nodelib/fs.walk": ["@nodelib/fs.walk@1.2.8", "", { "dependencies": { "@nodelib/fs.scandir": "2.1.5", "fastq": "^1.6.0" } }, ""],
    "@radix-ui/number": ["@radix-ui/number@1.1.1", "", {}, "sha512-MkKCwxlXTgz6CFoJx3pCwn07GKp36+aZyu/u2Ln2VrA5DcdyCZkASEDBTd8x5whTQQL5CiYf4prXKLcgQdv29g=="],
    "@radix-ui/primitive": ["@radix-ui/primitive@1.1.2", "", {}, "sha512-XnbHrrprsNqZKQhStrSwgRUQzoCI1glLzdw79xiZPoofhGICeZRSQ3dIxAKH1gb3OHfNf4d6f+vAv3kil2eggA=="],
    "@radix-ui/react-accordion": ["@radix-ui/react-accordion@1.2.9", "", { "dependencies": { "@radix-ui/primitive": "1.1.2", "@radix-ui/react-collapsible": "1.1.9", "@radix-ui/react-collection": "1.1.5", "@radix-ui/react-compose-refs": "1.1.2", "@radix-ui/react-context": "1.1.2", "@radix-ui/react-direction": "1.1.1", "@radix-ui/react-id": "1.1.1", "@radix-ui/react-primitive": "2.1.1", "@radix-ui/react-use-controllable-state": "1.2.2" }, "peerDependencies": { "@types/react": "*", "@types/react-dom": "*", "react": "^16.8 || ^17.0 || ^18.0 || ^19.0 || ^19.0.0-rc", "react-dom": "^16.8 || ^17.0 || ^18.0 || ^19.0 || ^19.0.0-rc" }, "optionalPeers": ["@types/react", "@types/react-dom"] }, "sha512-LxTdzg6zgBJpvSFAiFor+frRIBKSLArkdhGTIsDu5glaeIz8zeO7LmKr8xbqobhB+0OYWewrTatN1wqa9kDuqA=="],
    "@radix-ui/react-alert-dialog": ["@radix-ui/react-alert-dialog@1.1.12", "", { "dependencies": { "@radix-ui/primitive": "1.1.2", "@radix-ui/react-compose-refs": "1.1.2", "@radix-ui/react-context": "1.1.2", "@radix-ui/react-dialog": "1.1.12", "@radix-ui/react-primitive": "2.1.1", "@radix-ui/react-slot": "1.2.1" }, "peerDependencies": { "@types/react": "*", "@types/react-dom": "*", "react": "^16.8 || ^17.0 || ^18.0 || ^19.0 || ^19.0.0-rc", "react-dom": "^16.8 || ^17.0 || ^18.0 || ^19.0 || ^19.0.0-rc" }, "optionalPeers": ["@types/react", "@types/react-dom"] }, "sha512-iw+Cf0uUiesiofUxae2Y1uRmqA4FJEKU1lgQ0aFdKsQFvmY6Hw79NsKB5B2EddMIamLZjgTTPrBtA/AMnQUM9g=="],
    "@radix-ui/react-arrow": ["@radix-ui/react-arrow@1.1.5", "", { "dependencies": { "@radix-ui/react-primitive": "2.1.1" }, "peerDependencies": { "@types/react": "*", "@types/react-dom": "*", "react": "^16.8 || ^17.0 || ^18.0 || ^19.0 || ^19.0.0-rc", "react-dom": "^16.8 || ^17.0 || ^18.0 || ^19.0 || ^19.0.0-rc" }, "optionalPeers": ["@types/react", "@types/react-dom"] }, "sha512-GRdeRWdAH6gTTJQRGjyD5aHnhaxY6nsoAOlP8gozThGOMIloorbS70fc7jbBlFBtyA1uLAkdiy/3JF5eVzJVXw=="],
    "@radix-ui/react-aspect-ratio": ["@radix-ui/react-aspect-ratio@1.1.5", "", { "dependencies": { "@radix-ui/react-primitive": "2.1.1" }, "peerDependencies": { "@types/react": "*", "@types/react-dom": "*", "react": "^16.8 || ^17.0 || ^18.0 || ^19.0 || ^19.0.0-rc", "react-dom": "^16.8 || ^17.0 || ^18.0 || ^19.0 || ^19.0.0-rc" }, "optionalPeers": ["@types/react", "@types/react-dom"] }, "sha512-B9/4APFyMPIJ8BQS8CqO5MhL/Vet5Q739f1oM8U9UoaDSx7Al1xj14wFq4bC05LZHRuRM26T8wjuQcMgLwM8zA=="],
    "@radix-ui/react-avatar": ["@radix-ui/react-avatar@1.1.8", "", { "dependencies": { "@radix-ui/react-context": "1.1.2", "@radix-ui/react-primitive": "2.1.1", "@radix-ui/react-use-callback-ref": "1.1.1", "@radix-ui/react-use-is-hydrated": "0.1.0", "@radix-ui/react-use-layout-effect": "1.1.1" }, "peerDependencies": { "@types/react": "*", "@types/react-dom": "*", "react": "^16.8 || ^17.0 || ^18.0 || ^19.0 || ^19.0.0-rc", "react-dom": "^16.8 || ^17.0 || ^18.0 || ^19.0 || ^19.0.0-rc" }, "optionalPeers": ["@types/react", "@types/react-dom"] }, "sha512-TxnjlV5BQCY3a/RdbJCXbCW1CWWr2W8Owtzr5Fm2i57crbNIjiq85iZ8/iIE8OgkBdOPTO1Jd7Mc+3JNG+QpQQ=="],
    "@radix-ui/react-checkbox": ["@radix-ui/react-checkbox@1.3.0", "", { "dependencies": { "@radix-ui/primitive": "1.1.2", "@radix-ui/react-compose-refs": "1.1.2", "@radix-ui/react-context": "1.1.2", "@radix-ui/react-presence": "1.1.4", "@radix-ui/react-primitive": "2.1.1", "@radix-ui/react-use-controllable-state": "1.2.2", "@radix-ui/react-use-previous": "1.1.1", "@radix-ui/react-use-size": "1.1.1" }, "peerDependencies": { "@types/react": "*", "@types/react-dom": "*", "react": "^16.8 || ^17.0 || ^18.0 || ^19.0 || ^19.0.0-rc", "react-dom": "^16.8 || ^17.0 || ^18.0 || ^19.0 || ^19.0.0-rc" }, "optionalPeers": ["@types/react", "@types/react-dom"] }, "sha512-DuyWZsuqp2w9pgibDHxL8EmDnFCwcGLuvA1nS05cyw7o43PwJPhZ2+k+LF/QO4aEbTHLjelUhQAvLFi74L5K1Q=="],
    "@radix-ui/react-collapsible": ["@radix-ui/react-collapsible@1.1.9", "", { "dependencies": { "@radix-ui/primitive": "1.1.2", "@radix-ui/react-compose-refs": "1.1.2", "@radix-ui/react-context": "1.1.2", "@radix-ui/react-id": "1.1.1", "@radix-ui/react-presence": "1.1.4", "@radix-ui/react-primitive": "2.1.1", "@radix-ui/react-use-controllable-state": "1.2.2", "@radix-ui/react-use-layout-effect": "1.1.1" }, "peerDependencies": { "@types/react": "*", "@types/react-dom": "*", "react": "^16.8 || ^17.0 || ^18.0 || ^19.0 || ^19.0.0-rc", "react-dom": "^16.8 || ^17.0 || ^18.0 || ^19.0 || ^19.0.0-rc" }, "optionalPeers": ["@types/react", "@types/react-dom"] }, "sha512-XszBVO1e+6jkdYy1oc6CAZy9ZLqm+hfySOt5uBO98DlzGvYxaOZEvf4nU5uIkiHTkWLqsGdD+6oHO2TKjIRCwA=="],
    "@radix-ui/react-collection": ["@radix-ui/react-collection@1.1.5", "", { "dependencies": { "@radix-ui/react-compose-refs": "1.1.2", "@radix-ui/react-context": "1.1.2", "@radix-ui/react-primitive": "2.1.1", "@radix-ui/react-slot": "1.2.1" }, "peerDependencies": { "@types/react": "*", "@types/react-dom": "*", "react": "^16.8 || ^17.0 || ^18.0 || ^19.0 || ^19.0.0-rc", "react-dom": "^16.8 || ^17.0 || ^18.0 || ^19.0 || ^19.0.0-rc" }, "optionalPeers": ["@types/react", "@types/react-dom"] }, "sha512-BSItQMpSTKJmqzoUvWcE8QxbObfA90sC02qOe34mprZwTzx6DTj2EesFZrP2E9cYA1YJrUrbkuscMvSbpUsXoQ=="],
    "@radix-ui/react-compose-refs": ["@radix-ui/react-compose-refs@1.1.2", "", { "peerDependencies": { "@types/react": "*", "react": "^16.8 || ^17.0 || ^18.0 || ^19.0 || ^19.0.0-rc" }, "optionalPeers": ["@types/react"] }, "sha512-z4eqJvfiNnFMHIIvXP3CY57y2WJs5g2v3X0zm9mEJkrkNv4rDxu+sg9Jh8EkXyeqBkB7SOcboo9dMVqhyrACIg=="],
    "@radix-ui/react-context": ["@radix-ui/react-context@1.1.2", "", { "peerDependencies": { "@types/react": "*", "react": "^16.8 || ^17.0 || ^18.0 || ^19.0 || ^19.0.0-rc" }, "optionalPeers": ["@types/react"] }, "sha512-jCi/QKUM2r1Ju5a3J64TH2A5SpKAgh0LpknyqdQ4m6DCV0xJ2HG1xARRwNGPQfi1SLdLWZ1OJz6F4OMBBNiGJA=="],
    "@radix-ui/react-context-menu": ["@radix-ui/react-context-menu@2.2.13", "", { "dependencies": { "@radix-ui/primitive": "1.1.2", "@radix-ui/react-context": "1.1.2", "@radix-ui/react-menu": "2.1.13", "@radix-ui/react-primitive": "2.1.1", "@radix-ui/react-use-callback-ref": "1.1.1", "@radix-ui/react-use-controllable-state": "1.2.2" }, "peerDependencies": { "@types/react": "*", "@types/react-dom": "*", "react": "^16.8 || ^17.0 || ^18.0 || ^19.0 || ^19.0.0-rc", "react-dom": "^16.8 || ^17.0 || ^18.0 || ^19.0 || ^19.0.0-rc" }, "optionalPeers": ["@types/react", "@types/react-dom"] }, "sha512-Ds4QAw0vnDATt2nqzu+ds4lTX6iQoJWPaemRZsPVSP3jdNrF4i/rNoIysuLXfEoTkileO4yqvzzo/a47cNImRQ=="],
    "@radix-ui/react-dialog": ["@radix-ui/react-dialog@1.1.12", "", { "dependencies": { "@radix-ui/primitive": "1.1.2", "@radix-ui/react-compose-refs": "1.1.2", "@radix-ui/react-context": "1.1.2", "@radix-ui/react-dismissable-layer": "1.1.8", "@radix-ui/react-focus-guards": "1.1.2", "@radix-ui/react-focus-scope": "1.1.5", "@radix-ui/react-id": "1.1.1", "@radix-ui/react-portal": "1.1.7", "@radix-ui/react-presence": "1.1.4", "@radix-ui/react-primitive": "2.1.1", "@radix-ui/react-slot": "1.2.1", "@radix-ui/react-use-controllable-state": "1.2.2", "aria-hidden": "^1.2.4", "react-remove-scroll": "^2.6.3" }, "peerDependencies": { "@types/react": "*", "@types/react-dom": "*", "react": "^16.8 || ^17.0 || ^18.0 || ^19.0 || ^19.0.0-rc", "react-dom": "^16.8 || ^17.0 || ^18.0 || ^19.0 || ^19.0.0-rc" }, "optionalPeers": ["@types/react", "@types/react-dom"] }, "sha512-0qRz1TZRoXh+xzU7nZ38erOVUAUN6sj62O6PY/OAuGztJNwucgfOX8qjsVCjHAZVdkFm8o3JQ5H8FFiK7o+W/w=="],
    "@radix-ui/react-direction": ["@radix-ui/react-direction@1.1.1", "", { "peerDependencies": { "@types/react": "*", "react": "^16.8 || ^17.0 || ^18.0 || ^19.0 || ^19.0.0-rc" }, "optionalPeers": ["@types/react"] }, "sha512-1UEWRX6jnOA2y4H5WczZ44gOOjTEmlqv1uNW4GAJEO5+bauCBhv8snY65Iw5/VOS/ghKN9gr2KjnLKxrsvoMVw=="],
    "@radix-ui/react-dismissable-layer": ["@radix-ui/react-dismissable-layer@1.1.8", "", { "dependencies": { "@radix-ui/primitive": "1.1.2", "@radix-ui/react-compose-refs": "1.1.2", "@radix-ui/react-primitive": "2.1.1", "@radix-ui/react-use-callback-ref": "1.1.1", "@radix-ui/react-use-escape-keydown": "1.1.1" }, "peerDependencies": { "@types/react": "*", "@types/react-dom": "*", "react": "^16.8 || ^17.0 || ^18.0 || ^19.0 || ^19.0.0-rc", "react-dom": "^16.8 || ^17.0 || ^18.0 || ^19.0 || ^19.0.0-rc" }, "optionalPeers": ["@types/react", "@types/react-dom"] }, "sha512-md5dYvyWDY6884yKjXZA8c+iezVMW5rkdxGwwZJ/TieN5al6UBI5YQGZzkuHbA45S3WqrfG6YwDBMxk4BqmbuA=="],
    "@radix-ui/react-dropdown-menu": ["@radix-ui/react-dropdown-menu@2.1.13", "", { "dependencies": { "@radix-ui/primitive": "1.1.2", "@radix-ui/react-compose-refs": "1.1.2", "@radix-ui/react-context": "1.1.2", "@radix-ui/react-id": "1.1.1", "@radix-ui/react-menu": "2.1.13", "@radix-ui/react-primitive": "2.1.1", "@radix-ui/react-use-controllable-state": "1.2.2" }, "peerDependencies": { "@types/react": "*", "@types/react-dom": "*", "react": "^16.8 || ^17.0 || ^18.0 || ^19.0 || ^19.0.0-rc", "react-dom": "^16.8 || ^17.0 || ^18.0 || ^19.0 || ^19.0.0-rc" }, "optionalPeers": ["@types/react", "@types/react-dom"] }, "sha512-gzcdiZ75trToXslFet0n1HphyP5OB/bNE2tjbkaAAvaQiuPlrL20hdAfFUntTZLTsqZaJXf0WCfhEdwLqhfkjQ=="],
    "@radix-ui/react-focus-guards": ["@radix-ui/react-focus-guards@1.1.2", "", { "peerDependencies": { "@types/react": "*", "react": "^16.8 || ^17.0 || ^18.0 || ^19.0 || ^19.0.0-rc" }, "optionalPeers": ["@types/react"] }, "sha512-fyjAACV62oPV925xFCrH8DR5xWhg9KYtJT4s3u54jxp+L/hbpTY2kIeEFFbFe+a/HCE94zGQMZLIpVTPVZDhaA=="],
    "@radix-ui/react-focus-scope": ["@radix-ui/react-focus-scope@1.1.5", "", { "dependencies": { "@radix-ui/react-compose-refs": "1.1.2", "@radix-ui/react-primitive": "2.1.1", "@radix-ui/react-use-callback-ref": "1.1.1" }, "peerDependencies": { "@types/react": "*", "@types/react-dom": "*", "react": "^16.8 || ^17.0 || ^18.0 || ^19.0 || ^19.0.0-rc", "react-dom": "^16.8 || ^17.0 || ^18.0 || ^19.0 || ^19.0.0-rc" }, "optionalPeers": ["@types/react", "@types.react-dom"] }, "sha512-+LNWvYmkkwwAB6NZ3HJOfjwYs8GFz5kR8rUZzf5QQGp1ckjVkn5dPcHv5negHL8GyN0qOsCzY66W7NkasPY0PA=="],
    "@radix-ui/react-hover-card": ["@radix-ui/react-hover-card@1.1.12", "", { "dependencies": { "@radix ui">   
  }
}
